
Microsoft Visual Studio Solution File, Format Version 12.00
# Visual Studio Version 17
VisualStudioVersion = 17.8.34322.80
MinimumVisualStudioVersion = 10.0.40219.1
Project("{FAE04EC0-301F-11D3-BF4B-00C04F79EFBC}") = "ProductMicroservicesProject", "ProductMicroservicesProject\ProductMicroservicesProject.csproj", "{20F0400F-1C23-4A45-9A27-E1C903DE91B5}"
EndProject
Global
	GlobalSection(SolutionConfigurationPlatforms) = preSolution
		Debug|Any CPU = Debug|Any CPU
		Release|Any CPU = Release|Any CPU
	EndGlobalSection
	GlobalSection(ProjectConfigurationPlatforms) = postSolution
		{20F0400F-1C23-4A45-9A27-E1C903DE91B5}.Debug|Any CPU.ActiveCfg = Debug|Any CPU
		{20F0400F-1C23-4A45-9A27-E1C903DE91B5}.Debug|Any CPU.Build.0 = Debug|Any CPU
		{20F0400F-1C23-4A45-9A27-E1C903DE91B5}.Release|Any CPU.ActiveCfg = Release|Any CPU
		{20F0400F-1C23-4A45-9A27-E1C903DE91B5}.Release|Any CPU.Build.0 = Release|Any CPU
	EndGlobalSection
	GlobalSection(SolutionProperties) = preSolution
		HideSolutionNode = FALSE
	EndGlobalSection
	GlobalSection(ExtensibilityGlobals) = postSolution
		SolutionGuid = {934CEA6F-8570-4BC7-AE1A-AC13CFBC2E80}
	EndGlobalSection
EndGlobal
